{
  "name": "vuepress-playground",
  "version": "1.0.0",
  "lockfileVersion": 1,
  "requires": true,
  "dependencies": {
    "markdown-it-include": {
      "version": "1.1.0",
      "resolved": "https://registry.npmjs.org/markdown-it-include/-/markdown-it-include-1.1.0.tgz",
      "integrity": "sha512-OeXvJHfEHrnXWH8+eqMeIX0aFJz4W2ULzfbEVGXBEXab7i3cqLWUxtiHUokZ0/A2uZvLXSaFns/BEVN/mINaCQ=="
    },
    "markdown-it-multimd-table": {
      "version": "4.2.1",
      "resolved": "https://registry.npmjs.org/markdown-it-multimd-table/-/markdown-it-multimd-table-4.2.1.tgz",
      "integrity": "sha512-0WEkr2Siw1I9TFaKEHwCXDRxIXWmuzht496Mb8yCkFnK+OVDqMSN6k5/FwyKlZIMtYNOK02e8o0uh3H0WMqstQ=="
    },
    "markdown-it-plantuml": {
      "version": "1.4.1",
      "resolved": "https://registry.npmjs.org/markdown-it-plantuml/-/markdown-it-plantuml-1.4.1.tgz",
      "integrity": "sha512-13KgnZaGYTHBp4iUmGofzZSBz+Zj6cyqfR0SXUIc9wgWTto5Xhn7NjaXYxY0z7uBeTUMlc9LMQq5uP4OM5xCHg=="
    }
  }
}
